
Microsoft Visual Studio Solution File, Format Version 12.00
# Visual Studio Version 16
VisualStudioVersion = 16.0.810.25
MinimumVisualStudioVersion = 10.0.40219.1
Project("{FAE04EC0-301F-11D3-BF4B-00C04F79EFBC}") = "TestSuite", "TestSuite.csproj", "{0B67896D-B775-4487-8F36-53753EC05CF9}"
EndProject
Global
	GlobalSection(SolutionConfigurationPlatforms) = preSolution
		Debug|Any CPU = Debug|Any CPU
		Release|Any CPU = Release|Any CPU
	EndGlobalSection
	GlobalSection(ProjectConfigurationPlatforms) = postSolution
		{0B67896D-B775-4487-8F36-53753EC05CF9}.Debug|Any CPU.ActiveCfg = Debug|Any CPU
		{0B67896D-B775-4487-8F36-53753EC05CF9}.Debug|Any CPU.Build.0 = Debug|Any CPU
		{0B67896D-B775-4487-8F36-53753EC05CF9}.Release|Any CPU.ActiveCfg = Release|Any CPU
		{0B67896D-B775-4487-8F36-53753EC05CF9}.Release|Any CPU.Build.0 = Release|Any CPU
	EndGlobalSection
	GlobalSection(SolutionProperties) = preSolution
		HideSolutionNode = FALSE
	EndGlobalSection
	GlobalSection(ExtensibilityGlobals) = postSolution
		SolutionGuid = {0914284F-4195-4C59-9ABE-2B5F73F3AF0C}
	EndGlobalSection
EndGlobal
